// !$*UTF8*$!
{
	archiveVersion = 1;
	classes = {
	};
	objectVersion = 56;
	objects = {

/* Begin PBXBuildFile section */
		49044E6F2BFFEC080099790A /* MinimalistItemApp.swift in Sources */ = {isa = PBXBuildFile; fileRef = 49044E6E2BFFEC080099790A /* MinimalistItemApp.swift */; };
		49044E732BFFEC0A0099790A /* Assets.xcassets in Resources */ = {isa = PBXBuildFile; fileRef = 49044E722BFFEC0A0099790A /* Assets.xcassets */; };
		49044E762BFFEC0A0099790A /* Preview Assets.xcassets in Resources */ = {isa = PBXBuildFile; fileRef = 49044E752BFFEC0A0099790A /* Preview Assets.xcassets */; };
		49044E842BFFEC6A0099790A /* ItemListView.swift in Sources */ = {isa = PBXBuildFile; fileRef = 49044E832BFFEC6A0099790A /* ItemListView.swift */; };
		49044E862BFFED7D0099790A /* Item.swift in Sources */ = {isa = PBXBuildFile; fileRef = 49044E852BFFED7D0099790A /* Item.swift */; };
		493B18012C03769A00E03172 /* DatabaseHelper.swift in Sources */ = {isa = PBXBuildFile; fileRef = 493B18002C03769A00E03172 /* DatabaseHelper.swift */; };
		493B18052C03787700E03172 /* Database.db in Resources */ = {isa = PBXBuildFile; fileRef = 493B18042C03787700E03172 /* Database.db */; };
		49438C962C0A97920036FD38 /* ItemView.swift in Sources */ = {isa = PBXBuildFile; fileRef = 49438C952C0A97920036FD38 /* ItemView.swift */; };
		49438C982C0A9AE40036FD38 /* ItemFormView.swift in Sources */ = {isa = PBXBuildFile; fileRef = 49438C972C0A9AE40036FD38 /* ItemFormView.swift */; };
		49438C9C2C0A9D990036FD38 /* Types.swift in Sources */ = {isa = PBXBuildFile; fileRef = 49438C9B2C0A9D990036FD38 /* Types.swift */; };
/* End PBXBuildFile section */

/* Begin PBXFileReference section */
		49044E6B2BFFEC080099790A /* MinimalistItem.app */ = {isa = PBXFileReference; explicitFileType = wrapper.application; includeInIndex = 0; path = MinimalistItem.app; sourceTree = BUILT_PRODUCTS_DIR; };
		49044E6E2BFFEC080099790A /* MinimalistItemApp.swift */ = {isa = PBXFileReference; lastKnownFileType = sourcecode.swift; path = MinimalistItemApp.swift; sourceTree = "<group>"; };
		49044E722BFFEC0A0099790A /* Assets.xcassets */ = {isa = PBXFileReference; lastKnownFileType = folder.assetcatalog; path = Assets.xcassets; sourceTree = "<group>"; };
		49044E752BFFEC0A0099790A /* Preview Assets.xcassets */ = {isa = PBXFileReference; lastKnownFileType = folder.assetcatalog; path = "Preview Assets.xcassets"; sourceTree = "<group>"; };
		49044E832BFFEC6A0099790A /* ItemListView.swift */ = {isa = PBXFileReference; lastKnownFileType = sourcecode.swift; path = ItemListView.swift; sourceTree = "<group>"; };
		49044E852BFFED7D0099790A /* Item.swift */ = {isa = PBXFileReference; lastKnownFileType = sourcecode.swift; path = Item.swift; sourceTree = "<group>"; };
		493B18002C03769A00E03172 /* DatabaseHelper.swift */ = {isa = PBXFileReference; lastKnownFileType = sourcecode.swift; path = DatabaseHelper.swift; sourceTree = "<group>"; };
		493B18042C03787700E03172 /* Database.db */ = {isa = PBXFileReference; lastKnownFileType = file; path = Database.db; sourceTree = "<group>"; };
		49438C952C0A97920036FD38 /* ItemView.swift */ = {isa = PBXFileReference; lastKnownFileType = sourcecode.swift; path = ItemView.swift; sourceTree = "<group>"; };
		49438C972C0A9AE40036FD38 /* ItemFormView.swift */ = {isa = PBXFileReference; lastKnownFileType = sourcecode.swift; path = ItemFormView.swift; sourceTree = "<group>"; };
		49438C9B2C0A9D990036FD38 /* Types.swift */ = {isa = PBXFileReference; lastKnownFileType = sourcecode.swift; path = Types.swift; sourceTree = "<group>"; };
/* End PBXFileReference section */

/* Begin PBXFrameworksBuildPhase section */
		49044E682BFFEC080099790A /* Frameworks */ = {
			isa = PBXFrameworksBuildPhase;
			buildActionMask = 2147483647;
			files = (
			);
			runOnlyForDeploymentPostprocessing = 0;
		};
/* End PBXFrameworksBuildPhase section */

/* Begin PBXGroup section */
		49044E622BFFEC080099790A = {
			isa = PBXGroup;
			children = (
				49044E6D2BFFEC080099790A /* MinimalistItem */,
				49044E6C2BFFEC080099790A /* Products */,
			);
			sourceTree = "<group>";
		};
		49044E6C2BFFEC080099790A /* Products */ = {
			isa = PBXGroup;
			children = (
				49044E6B2BFFEC080099790A /* MinimalistItem.app */,
			);
			name = Products;
			sourceTree = "<group>";
		};
		49044E6D2BFFEC080099790A /* MinimalistItem */ = {
			isa = PBXGroup;
			children = (
				493B18042C03787700E03172 /* Database.db */,
				49044E6E2BFFEC080099790A /* MinimalistItemApp.swift */,
				493B17FF2C03768A00E03172 /* Helpers */,
				49044E7F2BFFEC2E0099790A /* ViewModel */,
				49044E7E2BFFEC260099790A /* Model */,
				49044E7C2BFFEC120099790A /* View */,
				49044E722BFFEC0A0099790A /* Assets.xcassets */,
				49044E742BFFEC0A0099790A /* Preview Content */,
			);
			path = MinimalistItem;
			sourceTree = "<group>";
		};
		49044E742BFFEC0A0099790A /* Preview Content */ = {
			isa = PBXGroup;
			children = (
				49044E752BFFEC0A0099790A /* Preview Assets.xcassets */,
			);
			path = "Preview Content";
			sourceTree = "<group>";
		};
		49044E7C2BFFEC120099790A /* View */ = {
			isa = PBXGroup;
			children = (
				49044E802BFFEC420099790A /* Helper */,
				49044E832BFFEC6A0099790A /* ItemListView.swift */,
			);
			path = View;
			sourceTree = "<group>";
		};
		49044E7E2BFFEC260099790A /* Model */ = {
			isa = PBXGroup;
			children = (
				49044E852BFFED7D0099790A /* Item.swift */,
				49438C9B2C0A9D990036FD38 /* Types.swift */,
			);
			path = Model;
			sourceTree = "<group>";
		};
		49044E7F2BFFEC2E0099790A /* ViewModel */ = {
			isa = PBXGroup;
			children = (
			);
			path = ViewModel;
			sourceTree = "<group>";
		};
		49044E802BFFEC420099790A /* Helper */ = {
			isa = PBXGroup;
			children = (
				49438C952C0A97920036FD38 /* ItemView.swift */,
				49438C972C0A9AE40036FD38 /* ItemFormView.swift */,
			);
			path = Helper;
			sourceTree = "<group>";
		};
		493B17FF2C03768A00E03172 /* Helpers */ = {
			isa = PBXGroup;
			children = (
				493B18002C03769A00E03172 /* DatabaseHelper.swift */,
			);
			path = Helpers;
			sourceTree = "<group>";
		};
/* End PBXGroup section */

/* Begin PBXNativeTarget section */
		49044E6A2BFFEC080099790A /* MinimalistItem */ = {
			isa = PBXNativeTarget;
			buildConfigurationList = 49044E792BFFEC0A0099790A /* Build configuration list for PBXNativeTarget "MinimalistItem" */;
			buildPhases = (
				49044E672BFFEC080099790A /* Sources */,
				49044E682BFFEC080099790A /* Frameworks */,
				49044E692BFFEC080099790A /* Resources */,
			);
			buildRules = (
			);
			dependencies = (
			);
			name = MinimalistItem;
			productName = MinimalistItem;
			productReference = 49044E6B2BFFEC080099790A /* MinimalistItem.app */;
			productType = "com.apple.product-type.application";
		};
/* End PBXNativeTarget section */

/* Begin PBXProject section */
		49044E632BFFEC080099790A /* Project object */ = {
			isa = PBXProject;
			attributes = {
				BuildIndependentTargetsInParallel = 1;
				LastSwiftUpdateCheck = 1520;
				LastUpgradeCheck = 1520;
				TargetAttributes = {
					49044E6A2BFFEC080099790A = {
						CreatedOnToolsVersion = 15.2;
					};
				};
			};
			buildConfigurationList = 49044E662BFFEC080099790A /* Build configuration list for PBXProject "MinimalistItem" */;
			compatibilityVersion = "Xcode 14.0";
			developmentRegion = en;
			hasScannedForEncodings = 0;
			knownRegions = (
				en,
				Base,
			);
			mainGroup = 49044E622BFFEC080099790A;
			productRefGroup = 49044E6C2BFFEC080099790A /* Products */;
			projectDirPath = "";
			projectRoot = "";
			targets = (
				49044E6A2BFFEC080099790A /* MinimalistItem */,
			);
		};
/* End PBXProject section */

/* Begin PBXResourcesBuildPhase section */
		49044E692BFFEC080099790A /* Resources */ = {
			isa = PBXResourcesBuildPhase;
			buildActionMask = 2147483647;
			files = (
				49044E762BFFEC0A0099790A /* Preview Assets.xcassets in Resources */,
				49044E732BFFEC0A0099790A /* Assets.xcassets in Resources */,
				493B18052C03787700E03172 /* Database.db in Resources */,
			);
			runOnlyForDeploymentPostprocessing = 0;
		};
/* End PBXResourcesBuildPhase section */

/* Begin PBXSourcesBuildPhase section */
		49044E672BFFEC080099790A /* Sources */ = {
			isa = PBXSourcesBuildPhase;
			buildActionMask = 2147483647;
			files = (
				493B18012C03769A00E03172 /* DatabaseHelper.swift in Sources */,
				49438C982C0A9AE40036FD38 /* ItemFormView.swift in Sources */,
				49044E6F2BFFEC080099790A /* MinimalistItemApp.swift in Sources */,
				49438C9C2C0A9D990036FD38 /* Types.swift in Sources */,
				49044E862BFFED7D0099790A /* Item.swift in Sources */,
				49438C962C0A97920036FD38 /* ItemView.swift in Sources */,
				49044E842BFFEC6A0099790A /* ItemListView.swift in Sources */,
			);
			runOnlyForDeploymentPostprocessing = 0;
		};
/* End PBXSourcesBuildPhase section */

/* Begin XCBuildConfiguration section */
		49044E772BFFEC0A0099790A /* Debug */ = {
			isa = XCBuildConfiguration;
			buildSettings = {
				ALWAYS_SEARCH_USER_PATHS = NO;
				ASSETCATALOG_COMPILER_GENERATE_SWIFT_ASSET_SYMBOL_EXTENSIONS = YES;
				CLANG_ANALYZER_NONNULL = YES;
				CLANG_ANALYZER_NUMBER_OBJECT_CONVERSION = YES_AGGRESSIVE;
				CLANG_CXX_LANGUAGE_STANDARD = "gnu++20";
				CLANG_ENABLE_MODULES = YES;
				CLANG_ENABLE_OBJC_ARC = YES;
				CLANG_ENABLE_OBJC_WEAK = YES;
				CLANG_WARN_BLOCK_CAPTURE_AUTORELEASING = YES;
				CLANG_WARN_BOOL_CONVERSION = YES;
				CLANG_WARN_COMMA = YES;
				CLANG_WARN_CONSTANT_CONVERSION = YES;
				CLANG_WARN_DEPRECATED_OBJC_IMPLEMENTATIONS = YES;
				CLANG_WARN_DIRECT_OBJC_ISA_USAGE = YES_ERROR;
				CLANG_WARN_DOCUMENTATION_COMMENTS = YES;
				CLANG_WARN_EMPTY_BODY = YES;
				CLANG_WARN_ENUM_CONVERSION = YES;
				CLANG_WARN_INFINITE_RECURSION = YES;
				CLANG_WARN_INT_CONVERSION = YES;
				CLANG_WARN_NON_LITERAL_NULL_CONVERSION = YES;
				CLANG_WARN_OBJC_IMPLICIT_RETAIN_SELF = YES;
				CLANG_WARN_OBJC_LITERAL_CONVERSION = YES;
				CLANG_WARN_OBJC_ROOT_CLASS = YES_ERROR;
				CLANG_WARN_QUOTED_INCLUDE_IN_FRAMEWORK_HEADER = YES;
				CLANG_WARN_RANGE_LOOP_ANALYSIS = YES;
				CLANG_WARN_STRICT_PROTOTYPES = YES;
				CLANG_WARN_SUSPICIOUS_MOVE = YES;
				CLANG_WARN_UNGUARDED_AVAILABILITY = YES_AGGRESSIVE;
				CLANG_WARN_UNREACHABLE_CODE = YES;
				CLANG_WARN__DUPLICATE_METHOD_MATCH = YES;
				COPY_PHASE_STRIP = NO;
				DEBUG_INFORMATION_FORMAT = dwarf;
				ENABLE_STRICT_OBJC_MSGSEND = YES;
				ENABLE_TESTABILITY = YES;
				ENABLE_USER_SCRIPT_SANDBOXING = YES;
				GCC_C_LANGUAGE_STANDARD = gnu17;
				GCC_DYNAMIC_NO_PIC = NO;
				GCC_NO_COMMON_BLOCKS = YES;
				GCC_OPTIMIZATION_LEVEL = 0;
				GCC_PREPROCESSOR_DEFINITIONS = (
					"DEBUG=1",
					"$(inherited)",
				);
				GCC_WARN_64_TO_32_BIT_CONVERSION = YES;
				GCC_WARN_ABOUT_RETURN_TYPE = YES_ERROR;
				GCC_WARN_UNDECLARED_SELECTOR = YES;
				GCC_WARN_UNINITIALIZED_AUTOS = YES_AGGRESSIVE;
				GCC_WARN_UNUSED_FUNCTION = YES;
				GCC_WARN_UNUSED_VARIABLE = YES;
				IPHONEOS_DEPLOYMENT_TARGET = 17.2;
				LOCALIZATION_PREFERS_STRING_CATALOGS = YES;
				MTL_ENABLE_DEBUG_INFO = INCLUDE_SOURCE;
				MTL_FAST_MATH = YES;
				ONLY_ACTIVE_ARCH = YES;
				SDKROOT = iphoneos;
				SWIFT_ACTIVE_COMPILATION_CONDITIONS = "DEBUG $(inherited)";
				SWIFT_OPTIMIZATION_LEVEL = "-Onone";
			};
			name = Debug;
		};
		49044E782BFFEC0A0099790A /* Release */ = {
			isa = XCBuildConfiguration;
			buildSettings = {
				ALWAYS_SEARCH_USER_PATHS = NO;
				ASSETCATALOG_COMPILER_GENERATE_SWIFT_ASSET_SYMBOL_EXTENSIONS = YES;
				CLANG_ANALYZER_NONNULL = YES;
				CLANG_ANALYZER_NUMBER_OBJECT_CONVERSION = YES_AGGRESSIVE;
				CLANG_CXX_LANGUAGE_STANDARD = "gnu++20";
				CLANG_ENABLE_MODULES = YES;
				CLANG_ENABLE_OBJC_ARC = YES;
				CLANG_ENABLE_OBJC_WEAK = YES;
				CLANG_WARN_BLOCK_CAPTURE_AUTORELEASING = YES;
				CLANG_WARN_BOOL_CONVERSION = YES;
				CLANG_WARN_COMMA = YES;
				CLANG_WARN_CONSTANT_CONVERSION = YES;
				CLANG_WARN_DEPRECATED_OBJC_IMPLEMENTATIONS = YES;
				CLANG_WARN_DIRECT_OBJC_ISA_USAGE = YES_ERROR;
				CLANG_WARN_DOCUMENTATION_COMMENTS = YES;
				CLANG_WARN_EMPTY_BODY = YES;
				CLANG_WARN_ENUM_CONVERSION = YES;
				CLANG_WARN_INFINITE_RECURSION = YES;
				CLANG_WARN_INT_CONVERSION = YES;
				CLANG_WARN_NON_LITERAL_NULL_CONVERSION = YES;
				CLANG_WARN_OBJC_IMPLICIT_RETAIN_SELF = YES;
				CLANG_WARN_OBJC_LITERAL_CONVERSION = YES;
				CLANG_WARN_OBJC_ROOT_CLASS = YES_ERROR;
				CLANG_WARN_QUOTED_INCLUDE_IN_FRAMEWORK_HEADER = YES;
				CLANG_WARN_RANGE_LOOP_ANALYSIS = YES;
				CLANG_WARN_STRICT_PROTOTYPES = YES;
				CLANG_WARN_SUSPICIOUS_MOVE = YES;
				CLANG_WARN_UNGUARDED_AVAILABILITY = YES_AGGRESSIVE;
				CLANG_WARN_UNREACHABLE_CODE = YES;
				CLANG_WARN__DUPLICATE_METHOD_MATCH = YES;
				COPY_PHASE_STRIP = NO;
				DEBUG_INFORMATION_FORMAT = "dwarf-with-dsym";
				ENABLE_NS_ASSERTIONS = NO;
				ENABLE_STRICT_OBJC_MSGSEND = YES;
				ENABLE_USER_SCRIPT_SANDBOXING = YES;
				GCC_C_LANGUAGE_STANDARD = gnu17;
				GCC_NO_COMMON_BLOCKS = YES;
				GCC_WARN_64_TO_32_BIT_CONVERSION = YES;
				GCC_WARN_ABOUT_RETURN_TYPE = YES_ERROR;
				GCC_WARN_UNDECLARED_SELECTOR = YES;
				GCC_WARN_UNINITIALIZED_AUTOS = YES_AGGRESSIVE;
				GCC_WARN_UNUSED_FUNCTION = YES;
				GCC_WARN_UNUSED_VARIABLE = YES;
				IPHONEOS_DEPLOYMENT_TARGET = 17.2;
				LOCALIZATION_PREFERS_STRING_CATALOGS = YES;
				MTL_ENABLE_DEBUG_INFO = NO;
				MTL_FAST_MATH = YES;
				SDKROOT = iphoneos;
				SWIFT_COMPILATION_MODE = wholemodule;
				VALIDATE_PRODUCT = YES;
			};
			name = Release;
		};
		49044E7A2BFFEC0A0099790A /* Debug */ = {
			isa = XCBuildConfiguration;
			buildSettings = {
				ASSETCATALOG_COMPILER_APPICON_NAME = AppIcon;
				ASSETCATALOG_COMPILER_GLOBAL_ACCENT_COLOR_NAME = AccentColor;
				CODE_SIGN_STYLE = Automatic;
				CURRENT_PROJECT_VERSION = 1;
				DEVELOPMENT_ASSET_PATHS = "\"MinimalistItem/Preview Content\"";
				DEVELOPMENT_TEAM = NH4G2X7X2G;
				ENABLE_PREVIEWS = YES;
				GENERATE_INFOPLIST_FILE = YES;
				INFOPLIST_KEY_UIApplicationSceneManifest_Generation = YES;
				INFOPLIST_KEY_UIApplicationSupportsIndirectInputEvents = YES;
				INFOPLIST_KEY_UILaunchScreen_Generation = YES;
				INFOPLIST_KEY_UISupportedInterfaceOrientations_iPad = "UIInterfaceOrientationPortrait UIInterfaceOrientationPortraitUpsideDown UIInterfaceOrientationLandscapeLeft UIInterfaceOrientationLandscapeRight";
				INFOPLIST_KEY_UISupportedInterfaceOrientations_iPhone = "UIInterfaceOrientationPortrait UIInterfaceOrientationLandscapeLeft UIInterfaceOrientationLandscapeRight";
				LD_RUNPATH_SEARCH_PATHS = (
					"$(inherited)",
					"@executable_path/Frameworks",
				);
				MARKETING_VERSION = 1.0;
				PRODUCT_BUNDLE_IDENTIFIER = davidli.ca.MinimalistItem;
				PRODUCT_NAME = "$(TARGET_NAME)";
				SWIFT_EMIT_LOC_STRINGS = YES;
				SWIFT_VERSION = 5.0;
				TARGETED_DEVICE_FAMILY = "1,2";
			};
			name = Debug;
		};
		49044E7B2BFFEC0A0099790A /* Release */ = {
			isa = XCBuildConfiguration;
			buildSettings = {
				ASSETCATALOG_COMPILER_APPICON_NAME = AppIcon;
				ASSETCATALOG_COMPILER_GLOBAL_ACCENT_COLOR_NAME = AccentColor;
				CODE_SIGN_STYLE = Automatic;
				CURRENT_PROJECT_VERSION = 1;
				DEVELOPMENT_ASSET_PATHS = "\"MinimalistItem/Preview Content\"";
				DEVELOPMENT_TEAM = NH4G2X7X2G;
				ENABLE_PREVIEWS = YES;
				GENERATE_INFOPLIST_FILE = YES;
				INFOPLIST_KEY_UIApplicationSceneManifest_Generation = YES;
				INFOPLIST_KEY_UIApplicationSupportsIndirectInputEvents = YES;
				INFOPLIST_KEY_UILaunchScreen_Generation = YES;
				INFOPLIST_KEY_UISupportedInterfaceOrientations_iPad = "UIInterfaceOrientationPortrait UIInterfaceOrientationPortraitUpsideDown UIInterfaceOrientationLandscapeLeft UIInterfaceOrientationLandscapeRight";
				INFOPLIST_KEY_UISupportedInterfaceOrientations_iPhone = "UIInterfaceOrientationPortrait UIInterfaceOrientationLandscapeLeft UIInterfaceOrientationLandscapeRight";
				LD_RUNPATH_SEARCH_PATHS = (
					"$(inherited)",
					"@executable_path/Frameworks",
				);
				MARKETING_VERSION = 1.0;
				PRODUCT_BUNDLE_IDENTIFIER = davidli.ca.MinimalistItem;
				PRODUCT_NAME = "$(TARGET_NAME)";
				SWIFT_EMIT_LOC_STRINGS = YES;
				SWIFT_VERSION = 5.0;
				TARGETED_DEVICE_FAMILY = "1,2";
			};
			name = Release;
		};
/* End XCBuildConfiguration section */

/* Begin XCConfigurationList section */
		49044E662BFFEC080099790A /* Build configuration list for PBXProject "MinimalistItem" */ = {
			isa = XCConfigurationList;
			buildConfigurations = (
				49044E772BFFEC0A0099790A /* Debug */,
				49044E782BFFEC0A0099790A /* Release */,
			);
			defaultConfigurationIsVisible = 0;
			defaultConfigurationName = Release;
		};
		49044E792BFFEC0A0099790A /* Build configuration list for PBXNativeTarget "MinimalistItem" */ = {
			isa = XCConfigurationList;
			buildConfigurations = (
				49044E7A2BFFEC0A0099790A /* Debug */,
				49044E7B2BFFEC0A0099790A /* Release */,
			);
			defaultConfigurationIsVisible = 0;
			defaultConfigurationName = Release;
		};
/* End XCConfigurationList section */
	};
	rootObject = 49044E632BFFEC080099790A /* Project object */;
}
